// !$*UTF8*$!
{
	archiveVersion = 1;
	classes = {
	};
	objectVersion = 51;
	objects = {

/* Begin PBXBuildFile section */
		B3A7ADF49ECE082682EDEB1E /* Pods_ImaginatoIOS.framework in Frameworks */ = {isa = PBXBuildFile; fileRef = CB9900FD9B7B247F20BDB6CD /* Pods_ImaginatoIOS.framework */; };
		D6042A9925BFEC3A001DB025 /* AppDelegate.swift in Sources */ = {isa = PBXBuildFile; fileRef = D6042A9825BFEC3A001DB025 /* AppDelegate.swift */; };
		D6042AA225BFEC3B001DB025 /* Assets.xcassets in Resources */ = {isa = PBXBuildFile; fileRef = D6042AA125BFEC3B001DB025 /* Assets.xcassets */; };
		D6042AA525BFEC3B001DB025 /* LaunchScreen.storyboard in Resources */ = {isa = PBXBuildFile; fileRef = D6042AA325BFEC3B001DB025 /* LaunchScreen.storyboard */; };
		D6042AAE25BFED4B001DB025 /* BaseMappableModel.swift in Sources */ = {isa = PBXBuildFile; fileRef = D6042AAD25BFED4B001DB025 /* BaseMappableModel.swift */; };
		D6042AB525BFED6D001DB025 /* ApiError.swift in Sources */ = {isa = PBXBuildFile; fileRef = D6042AB325BFED6B001DB025 /* ApiError.swift */; };
		D6042AB625BFED6D001DB025 /* BaseRxService.swift in Sources */ = {isa = PBXBuildFile; fileRef = D6042AB425BFED6C001DB025 /* BaseRxService.swift */; };
		D6042AB925BFEE59001DB025 /* LoginViewController.swift in Sources */ = {isa = PBXBuildFile; fileRef = D6042AB825BFEE59001DB025 /* LoginViewController.swift */; };
		D6042ABC25BFEE7E001DB025 /* LoginViewModel.swift in Sources */ = {isa = PBXBuildFile; fileRef = D6042ABB25BFEE7E001DB025 /* LoginViewModel.swift */; };
		D6042ABF25BFEED7001DB025 /* LoginImaginatoService.swift in Sources */ = {isa = PBXBuildFile; fileRef = D6042ABD25BFEED7001DB025 /* LoginImaginatoService.swift */; };
		D6042AC025BFEED7001DB025 /* LoginService.swift in Sources */ = {isa = PBXBuildFile; fileRef = D6042ABE25BFEED7001DB025 /* LoginService.swift */; };
		D6042AC225BFEEDE001DB025 /* LoginModel.swift in Sources */ = {isa = PBXBuildFile; fileRef = D6042AC125BFEEDE001DB025 /* LoginModel.swift */; };
		D6042AC725BFEEE6001DB025 /* CustomView.swift in Sources */ = {isa = PBXBuildFile; fileRef = D6042AC425BFEEE6001DB025 /* CustomView.swift */; };
		D6042AC825BFEEE6001DB025 /* CommonTextField.xib in Resources */ = {isa = PBXBuildFile; fileRef = D6042AC525BFEEE6001DB025 /* CommonTextField.xib */; };
		D6042AC925BFEEE6001DB025 /* CommonTextField.swift in Sources */ = {isa = PBXBuildFile; fileRef = D6042AC625BFEEE6001DB025 /* CommonTextField.swift */; };
		D6042ACE25BFEF1B001DB025 /* UIViewController+Extensions.swift in Sources */ = {isa = PBXBuildFile; fileRef = D6042ACB25BFEF1B001DB025 /* UIViewController+Extensions.swift */; };
		D6042ACF25BFEF1B001DB025 /* String+Extensions.swift in Sources */ = {isa = PBXBuildFile; fileRef = D6042ACC25BFEF1B001DB025 /* String+Extensions.swift */; };
		D6042AD025BFEF1B001DB025 /* RealmHelper.swift in Sources */ = {isa = PBXBuildFile; fileRef = D6042ACD25BFEF1B001DB025 /* RealmHelper.swift */; };
		D6042AD325C005C8001DB025 /* Constants.swift in Sources */ = {isa = PBXBuildFile; fileRef = D6042AD225C005C8001DB025 /* Constants.swift */; };
		D6042AD625C005D8001DB025 /* Main.storyboard in Resources */ = {isa = PBXBuildFile; fileRef = D6042AD425C005D8001DB025 /* Main.storyboard */; };
/* End PBXBuildFile section */

/* Begin PBXFileReference section */
		31E38660C4EA2CCECBB0327F /* Pods-ImaginatoIOS.debug.xcconfig */ = {isa = PBXFileReference; includeInIndex = 1; lastKnownFileType = text.xcconfig; name = "Pods-ImaginatoIOS.debug.xcconfig"; path = "Target Support Files/Pods-ImaginatoIOS/Pods-ImaginatoIOS.debug.xcconfig"; sourceTree = "<group>"; };
		848C9115231C24E290381E9E /* Pods-ImaginatoIOS.release.xcconfig */ = {isa = PBXFileReference; includeInIndex = 1; lastKnownFileType = text.xcconfig; name = "Pods-ImaginatoIOS.release.xcconfig"; path = "Target Support Files/Pods-ImaginatoIOS/Pods-ImaginatoIOS.release.xcconfig"; sourceTree = "<group>"; };
		CB9900FD9B7B247F20BDB6CD /* Pods_ImaginatoIOS.framework */ = {isa = PBXFileReference; explicitFileType = wrapper.framework; includeInIndex = 0; path = Pods_ImaginatoIOS.framework; sourceTree = BUILT_PRODUCTS_DIR; };
		D6042A9525BFEC3A001DB025 /* ImaginatoIOS.app */ = {isa = PBXFileReference; explicitFileType = wrapper.application; includeInIndex = 0; path = ImaginatoIOS.app; sourceTree = BUILT_PRODUCTS_DIR; };
		D6042A9825BFEC3A001DB025 /* AppDelegate.swift */ = {isa = PBXFileReference; lastKnownFileType = sourcecode.swift; path = AppDelegate.swift; sourceTree = "<group>"; };
		D6042AA125BFEC3B001DB025 /* Assets.xcassets */ = {isa = PBXFileReference; lastKnownFileType = folder.assetcatalog; path = Assets.xcassets; sourceTree = "<group>"; };
		D6042AA425BFEC3B001DB025 /* Base */ = {isa = PBXFileReference; lastKnownFileType = file.storyboard; name = Base; path = Base.lproj/LaunchScreen.storyboard; sourceTree = "<group>"; };
		D6042AA625BFEC3B001DB025 /* Info.plist */ = {isa = PBXFileReference; lastKnownFileType = text.plist.xml; path = Info.plist; sourceTree = "<group>"; };
		D6042AAD25BFED4B001DB025 /* BaseMappableModel.swift */ = {isa = PBXFileReference; fileEncoding = 4; lastKnownFileType = sourcecode.swift; path = BaseMappableModel.swift; sourceTree = "<group>"; };
		D6042AB325BFED6B001DB025 /* ApiError.swift */ = {isa = PBXFileReference; fileEncoding = 4; lastKnownFileType = sourcecode.swift; path = ApiError.swift; sourceTree = "<group>"; };
		D6042AB425BFED6C001DB025 /* BaseRxService.swift */ = {isa = PBXFileReference; fileEncoding = 4; lastKnownFileType = sourcecode.swift; path = BaseRxService.swift; sourceTree = "<group>"; };
		D6042AB825BFEE59001DB025 /* LoginViewController.swift */ = {isa = PBXFileReference; fileEncoding = 4; lastKnownFileType = sourcecode.swift; path = LoginViewController.swift; sourceTree = "<group>"; };
		D6042ABB25BFEE7E001DB025 /* LoginViewModel.swift */ = {isa = PBXFileReference; fileEncoding = 4; lastKnownFileType = sourcecode.swift; path = LoginViewModel.swift; sourceTree = "<group>"; };
		D6042ABD25BFEED7001DB025 /* LoginImaginatoService.swift */ = {isa = PBXFileReference; fileEncoding = 4; lastKnownFileType = sourcecode.swift; path = LoginImaginatoService.swift; sourceTree = "<group>"; };
		D6042ABE25BFEED7001DB025 /* LoginService.swift */ = {isa = PBXFileReference; fileEncoding = 4; lastKnownFileType = sourcecode.swift; path = LoginService.swift; sourceTree = "<group>"; };
		D6042AC125BFEEDE001DB025 /* LoginModel.swift */ = {isa = PBXFileReference; fileEncoding = 4; lastKnownFileType = sourcecode.swift; path = LoginModel.swift; sourceTree = "<group>"; };
		D6042AC425BFEEE6001DB025 /* CustomView.swift */ = {isa = PBXFileReference; fileEncoding = 4; lastKnownFileType = sourcecode.swift; path = CustomView.swift; sourceTree = "<group>"; };
		D6042AC525BFEEE6001DB025 /* CommonTextField.xib */ = {isa = PBXFileReference; fileEncoding = 4; lastKnownFileType = file.xib; path = CommonTextField.xib; sourceTree = "<group>"; };
		D6042AC625BFEEE6001DB025 /* CommonTextField.swift */ = {isa = PBXFileReference; fileEncoding = 4; lastKnownFileType = sourcecode.swift; path = CommonTextField.swift; sourceTree = "<group>"; };
		D6042ACB25BFEF1B001DB025 /* UIViewController+Extensions.swift */ = {isa = PBXFileReference; fileEncoding = 4; lastKnownFileType = sourcecode.swift; path = "UIViewController+Extensions.swift"; sourceTree = "<group>"; };
		D6042ACC25BFEF1B001DB025 /* String+Extensions.swift */ = {isa = PBXFileReference; fileEncoding = 4; lastKnownFileType = sourcecode.swift; path = "String+Extensions.swift"; sourceTree = "<group>"; };
		D6042ACD25BFEF1B001DB025 /* RealmHelper.swift */ = {isa = PBXFileReference; fileEncoding = 4; lastKnownFileType = sourcecode.swift; path = RealmHelper.swift; sourceTree = "<group>"; };
		D6042AD225C005C8001DB025 /* Constants.swift */ = {isa = PBXFileReference; fileEncoding = 4; lastKnownFileType = sourcecode.swift; path = Constants.swift; sourceTree = "<group>"; };
		D6042AD525C005D8001DB025 /* Base */ = {isa = PBXFileReference; lastKnownFileType = file.storyboard; name = Base; path = Base.lproj/Main.storyboard; sourceTree = "<group>"; };
/* End PBXFileReference section */

/* Begin PBXFrameworksBuildPhase section */
		D6042A9225BFEC3A001DB025 /* Frameworks */ = {
			isa = PBXFrameworksBuildPhase;
			buildActionMask = 2147483647;
			files = (
				B3A7ADF49ECE082682EDEB1E /* Pods_ImaginatoIOS.framework in Frameworks */,
			);
			runOnlyForDeploymentPostprocessing = 0;
		};
/* End PBXFrameworksBuildPhase section */

/* Begin PBXGroup section */
		2CEF46B592258EE6AE208C18 /* Frameworks */ = {
			isa = PBXGroup;
			children = (
				CB9900FD9B7B247F20BDB6CD /* Pods_ImaginatoIOS.framework */,
			);
			name = Frameworks;
			sourceTree = "<group>";
		};
		A2E19C78AE9B2862E4E4A6EE /* Pods */ = {
			isa = PBXGroup;
			children = (
				31E38660C4EA2CCECBB0327F /* Pods-ImaginatoIOS.debug.xcconfig */,
				848C9115231C24E290381E9E /* Pods-ImaginatoIOS.release.xcconfig */,
			);
			path = Pods;
			sourceTree = "<group>";
		};
		D6042A8C25BFEC3A001DB025 = {
			isa = PBXGroup;
			children = (
				D6042A9725BFEC3A001DB025 /* ImaginatoIOS */,
				D6042A9625BFEC3A001DB025 /* Products */,
				A2E19C78AE9B2862E4E4A6EE /* Pods */,
				2CEF46B592258EE6AE208C18 /* Frameworks */,
			);
			sourceTree = "<group>";
		};
		D6042A9625BFEC3A001DB025 /* Products */ = {
			isa = PBXGroup;
			children = (
				D6042A9525BFEC3A001DB025 /* ImaginatoIOS.app */,
			);
			name = Products;
			sourceTree = "<group>";
		};
		D6042A9725BFEC3A001DB025 /* ImaginatoIOS */ = {
			isa = PBXGroup;
			children = (
				D6042AD125C005C8001DB025 /* Constants */,
				D6042ACA25BFEF1B001DB025 /* Utils */,
				D6042AC325BFEEE6001DB025 /* CustomView */,
				D6042AB225BFED60001DB025 /* Network */,
				D6042AAC25BFED2E001DB025 /* Model */,
				D6042AB725BFEE59001DB025 /* Controller */,
				D6042ABA25BFEE7E001DB025 /* ViewModel */,
				D6042A9825BFEC3A001DB025 /* AppDelegate.swift */,
				D6042AA125BFEC3B001DB025 /* Assets.xcassets */,
				D6042AD425C005D8001DB025 /* Main.storyboard */,
				D6042AA325BFEC3B001DB025 /* LaunchScreen.storyboard */,
				D6042AA625BFEC3B001DB025 /* Info.plist */,
			);
			path = ImaginatoIOS;
			sourceTree = "<group>";
		};
		D6042AAC25BFED2E001DB025 /* Model */ = {
			isa = PBXGroup;
			children = (
				D6042AAD25BFED4B001DB025 /* BaseMappableModel.swift */,
				D6042AC125BFEEDE001DB025 /* LoginModel.swift */,
			);
			path = Model;
			sourceTree = "<group>";
		};
		D6042AB225BFED60001DB025 /* Network */ = {
			isa = PBXGroup;
			children = (
				D6042AB325BFED6B001DB025 /* ApiError.swift */,
				D6042AB425BFED6C001DB025 /* BaseRxService.swift */,
				D6042ABD25BFEED7001DB025 /* LoginImaginatoService.swift */,
				D6042ABE25BFEED7001DB025 /* LoginService.swift */,
			);
			path = Network;
			sourceTree = "<group>";
		};
		D6042AB725BFEE59001DB025 /* Controller */ = {
			isa = PBXGroup;
			children = (
				D6042AB825BFEE59001DB025 /* LoginViewController.swift */,
			);
			path = Controller;
			sourceTree = "<group>";
		};
		D6042ABA25BFEE7E001DB025 /* ViewModel */ = {
			isa = PBXGroup;
			children = (
				D6042ABB25BFEE7E001DB025 /* LoginViewModel.swift */,
			);
			path = ViewModel;
			sourceTree = "<group>";
		};
		D6042AC325BFEEE6001DB025 /* CustomView */ = {
			isa = PBXGroup;
			children = (
				D6042AC425BFEEE6001DB025 /* CustomView.swift */,
				D6042AC525BFEEE6001DB025 /* CommonTextField.xib */,
				D6042AC625BFEEE6001DB025 /* CommonTextField.swift */,
			);
			path = CustomView;
			sourceTree = "<group>";
		};
		D6042ACA25BFEF1B001DB025 /* Utils */ = {
			isa = PBXGroup;
			children = (
				D6042ACB25BFEF1B001DB025 /* UIViewController+Extensions.swift */,
				D6042ACC25BFEF1B001DB025 /* String+Extensions.swift */,
				D6042ACD25BFEF1B001DB025 /* RealmHelper.swift */,
			);
			path = Utils;
			sourceTree = "<group>";
		};
		D6042AD125C005C8001DB025 /* Constants */ = {
			isa = PBXGroup;
			children = (
				D6042AD225C005C8001DB025 /* Constants.swift */,
			);
			path = Constants;
			sourceTree = "<group>";
		};
/* End PBXGroup section */

/* Begin PBXNativeTarget section */
		D6042A9425BFEC3A001DB025 /* ImaginatoIOS */ = {
			isa = PBXNativeTarget;
			buildConfigurationList = D6042AA925BFEC3B001DB025 /* Build configuration list for PBXNativeTarget "ImaginatoIOS" */;
			buildPhases = (
				837084244DFA74B691E52E79 /* [CP] Check Pods Manifest.lock */,
				D6042A9125BFEC3A001DB025 /* Sources */,
				D6042A9225BFEC3A001DB025 /* Frameworks */,
				D6042A9325BFEC3A001DB025 /* Resources */,
				515633EE862CFE099875E157 /* [CP] Embed Pods Frameworks */,
			);
			buildRules = (
			);
			dependencies = (
			);
			name = ImaginatoIOS;
			productName = ImaginatoIOS;
			productReference = D6042A9525BFEC3A001DB025 /* ImaginatoIOS.app */;
			productType = "com.apple.product-type.application";
		};
/* End PBXNativeTarget section */

/* Begin PBXProject section */
		D6042A8D25BFEC3A001DB025 /* Project object */ = {
			isa = PBXProject;
			attributes = {
				LastSwiftUpdateCheck = 1130;
				LastUpgradeCheck = 1130;
				ORGANIZATIONNAME = NHK;
				TargetAttributes = {
					D6042A9425BFEC3A001DB025 = {
						CreatedOnToolsVersion = 11.3.1;
					};
				};
			};
			buildConfigurationList = D6042A9025BFEC3A001DB025 /* Build configuration list for PBXProject "ImaginatoIOS" */;
			compatibilityVersion = "Xcode 9.3";
			developmentRegion = en;
			hasScannedForEncodings = 0;
			knownRegions = (
				en,
				Base,
			);
			mainGroup = D6042A8C25BFEC3A001DB025;
			productRefGroup = D6042A9625BFEC3A001DB025 /* Products */;
			projectDirPath = "";
			projectRoot = "";
			targets = (
				D6042A9425BFEC3A001DB025 /* ImaginatoIOS */,
			);
		};
/* End PBXProject section */

/* Begin PBXResourcesBuildPhase section */
		D6042A9325BFEC3A001DB025 /* Resources */ = {
			isa = PBXResourcesBuildPhase;
			buildActionMask = 2147483647;
			files = (
				D6042AA525BFEC3B001DB025 /* LaunchScreen.storyboard in Resources */,
				D6042AA225BFEC3B001DB025 /* Assets.xcassets in Resources */,
				D6042AC825BFEEE6001DB025 /* CommonTextField.xib in Resources */,
				D6042AD625C005D8001DB025 /* Main.storyboard in Resources */,
			);
			runOnlyForDeploymentPostprocessing = 0;
		};
/* End PBXResourcesBuildPhase section */

/* Begin PBXShellScriptBuildPhase section */
		515633EE862CFE099875E157 /* [CP] Embed Pods Frameworks */ = {
			isa = PBXShellScriptBuildPhase;
			buildActionMask = 2147483647;
			files = (
			);
			inputFileListPaths = (
				"${PODS_ROOT}/Target Support Files/Pods-ImaginatoIOS/Pods-ImaginatoIOS-frameworks-${CONFIGURATION}-input-files.xcfilelist",
			);
			name = "[CP] Embed Pods Frameworks";
			outputFileListPaths = (
				"${PODS_ROOT}/Target Support Files/Pods-ImaginatoIOS/Pods-ImaginatoIOS-frameworks-${CONFIGURATION}-output-files.xcfilelist",
			);
			runOnlyForDeploymentPostprocessing = 0;
			shellPath = /bin/sh;
			shellScript = "\"${PODS_ROOT}/Target Support Files/Pods-ImaginatoIOS/Pods-ImaginatoIOS-frameworks.sh\"\n";
			showEnvVarsInLog = 0;
		};
		837084244DFA74B691E52E79 /* [CP] Check Pods Manifest.lock */ = {
			isa = PBXShellScriptBuildPhase;
			buildActionMask = 2147483647;
			files = (
			);
			inputFileListPaths = (
			);
			inputPaths = (
				"${PODS_PODFILE_DIR_PATH}/Podfile.lock",
				"${PODS_ROOT}/Manifest.lock",
			);
			name = "[CP] Check Pods Manifest.lock";
			outputFileListPaths = (
			);
			outputPaths = (
				"$(DERIVED_FILE_DIR)/Pods-ImaginatoIOS-checkManifestLockResult.txt",
			);
			runOnlyForDeploymentPostprocessing = 0;
			shellPath = /bin/sh;
			shellScript = "diff \"${PODS_PODFILE_DIR_PATH}/Podfile.lock\" \"${PODS_ROOT}/Manifest.lock\" > /dev/null\nif [ $? != 0 ] ; then\n    # print error to STDERR\n    echo \"error: The sandbox is not in sync with the Podfile.lock. Run 'pod install' or update your CocoaPods installation.\" >&2\n    exit 1\nfi\n# This output is used by Xcode 'outputs' to avoid re-running this script phase.\necho \"SUCCESS\" > \"${SCRIPT_OUTPUT_FILE_0}\"\n";
			showEnvVarsInLog = 0;
		};
/* End PBXShellScriptBuildPhase section */

/* Begin PBXSourcesBuildPhase section */
		D6042A9125BFEC3A001DB025 /* Sources */ = {
			isa = PBXSourcesBuildPhase;
			buildActionMask = 2147483647;
			files = (
				D6042AC925BFEEE6001DB025 /* CommonTextField.swift in Sources */,
				D6042AAE25BFED4B001DB025 /* BaseMappableModel.swift in Sources */,
				D6042AB625BFED6D001DB025 /* BaseRxService.swift in Sources */,
				D6042AC225BFEEDE001DB025 /* LoginModel.swift in Sources */,
				D6042ABF25BFEED7001DB025 /* LoginImaginatoService.swift in Sources */,
				D6042AD325C005C8001DB025 /* Constants.swift in Sources */,
				D6042AB925BFEE59001DB025 /* LoginViewController.swift in Sources */,
				D6042ABC25BFEE7E001DB025 /* LoginViewModel.swift in Sources */,
				D6042A9925BFEC3A001DB025 /* AppDelegate.swift in Sources */,
				D6042AC025BFEED7001DB025 /* LoginService.swift in Sources */,
				D6042ACF25BFEF1B001DB025 /* String+Extensions.swift in Sources */,
				D6042ACE25BFEF1B001DB025 /* UIViewController+Extensions.swift in Sources */,
				D6042AC725BFEEE6001DB025 /* CustomView.swift in Sources */,
				D6042AD025BFEF1B001DB025 /* RealmHelper.swift in Sources */,
				D6042AB525BFED6D001DB025 /* ApiError.swift in Sources */,
			);
			runOnlyForDeploymentPostprocessing = 0;
		};
/* End PBXSourcesBuildPhase section */

/* Begin PBXVariantGroup section */
		D6042AA325BFEC3B001DB025 /* LaunchScreen.storyboard */ = {
			isa = PBXVariantGroup;
			children = (
				D6042AA425BFEC3B001DB025 /* Base */,
			);
			name = LaunchScreen.storyboard;
			sourceTree = "<group>";
		};
		D6042AD425C005D8001DB025 /* Main.storyboard */ = {
			isa = PBXVariantGroup;
			children = (
				D6042AD525C005D8001DB025 /* Base */,
			);
			name = Main.storyboard;
			sourceTree = "<group>";
		};
/* End PBXVariantGroup section */

/* Begin XCBuildConfiguration section */
		D6042AA725BFEC3B001DB025 /* Debug */ = {
			isa = XCBuildConfiguration;
			buildSettings = {
				ALWAYS_SEARCH_USER_PATHS = NO;
				CLANG_ANALYZER_NONNULL = YES;
				CLANG_ANALYZER_NUMBER_OBJECT_CONVERSION = YES_AGGRESSIVE;
				CLANG_CXX_LANGUAGE_STANDARD = "gnu++14";
				CLANG_CXX_LIBRARY = "libc++";
				CLANG_ENABLE_MODULES = YES;
				CLANG_ENABLE_OBJC_ARC = YES;
				CLANG_ENABLE_OBJC_WEAK = YES;
				CLANG_WARN_BLOCK_CAPTURE_AUTORELEASING = YES;
				CLANG_WARN_BOOL_CONVERSION = YES;
				CLANG_WARN_COMMA = YES;
				CLANG_WARN_CONSTANT_CONVERSION = YES;
				CLANG_WARN_DEPRECATED_OBJC_IMPLEMENTATIONS = YES;
				CLANG_WARN_DIRECT_OBJC_ISA_USAGE = YES_ERROR;
				CLANG_WARN_DOCUMENTATION_COMMENTS = YES;
				CLANG_WARN_EMPTY_BODY = YES;
				CLANG_WARN_ENUM_CONVERSION = YES;
				CLANG_WARN_INFINITE_RECURSION = YES;
				CLANG_WARN_INT_CONVERSION = YES;
				CLANG_WARN_NON_LITERAL_NULL_CONVERSION = YES;
				CLANG_WARN_OBJC_IMPLICIT_RETAIN_SELF = YES;
				CLANG_WARN_OBJC_LITERAL_CONVERSION = YES;
				CLANG_WARN_OBJC_ROOT_CLASS = YES_ERROR;
				CLANG_WARN_RANGE_LOOP_ANALYSIS = YES;
				CLANG_WARN_STRICT_PROTOTYPES = YES;
				CLANG_WARN_SUSPICIOUS_MOVE = YES;
				CLANG_WARN_UNGUARDED_AVAILABILITY = YES_AGGRESSIVE;
				CLANG_WARN_UNREACHABLE_CODE = YES;
				CLANG_WARN__DUPLICATE_METHOD_MATCH = YES;
				COPY_PHASE_STRIP = NO;
				DEBUG_INFORMATION_FORMAT = dwarf;
				ENABLE_STRICT_OBJC_MSGSEND = YES;
				ENABLE_TESTABILITY = YES;
				GCC_C_LANGUAGE_STANDARD = gnu11;
				GCC_DYNAMIC_NO_PIC = NO;
				GCC_NO_COMMON_BLOCKS = YES;
				GCC_OPTIMIZATION_LEVEL = 0;
				GCC_PREPROCESSOR_DEFINITIONS = (
					"DEBUG=1",
					"$(inherited)",
				);
				GCC_WARN_64_TO_32_BIT_CONVERSION = YES;
				GCC_WARN_ABOUT_RETURN_TYPE = YES_ERROR;
				GCC_WARN_UNDECLARED_SELECTOR = YES;
				GCC_WARN_UNINITIALIZED_AUTOS = YES_AGGRESSIVE;
				GCC_WARN_UNUSED_FUNCTION = YES;
				GCC_WARN_UNUSED_VARIABLE = YES;
				IPHONEOS_DEPLOYMENT_TARGET = 10.0;
				MTL_ENABLE_DEBUG_INFO = INCLUDE_SOURCE;
				MTL_FAST_MATH = YES;
				ONLY_ACTIVE_ARCH = YES;
				SDKROOT = iphoneos;
				SWIFT_ACTIVE_COMPILATION_CONDITIONS = DEBUG;
				SWIFT_OPTIMIZATION_LEVEL = "-Onone";
			};
			name = Debug;
		};
		D6042AA825BFEC3B001DB025 /* Release */ = {
			isa = XCBuildConfiguration;
			buildSettings = {
				ALWAYS_SEARCH_USER_PATHS = NO;
				CLANG_ANALYZER_NONNULL = YES;
				CLANG_ANALYZER_NUMBER_OBJECT_CONVERSION = YES_AGGRESSIVE;
				CLANG_CXX_LANGUAGE_STANDARD = "gnu++14";
				CLANG_CXX_LIBRARY = "libc++";
				CLANG_ENABLE_MODULES = YES;
				CLANG_ENABLE_OBJC_ARC = YES;
				CLANG_ENABLE_OBJC_WEAK = YES;
				CLANG_WARN_BLOCK_CAPTURE_AUTORELEASING = YES;
				CLANG_WARN_BOOL_CONVERSION = YES;
				CLANG_WARN_COMMA = YES;
				CLANG_WARN_CONSTANT_CONVERSION = YES;
				CLANG_WARN_DEPRECATED_OBJC_IMPLEMENTATIONS = YES;
				CLANG_WARN_DIRECT_OBJC_ISA_USAGE = YES_ERROR;
				CLANG_WARN_DOCUMENTATION_COMMENTS = YES;
				CLANG_WARN_EMPTY_BODY = YES;
				CLANG_WARN_ENUM_CONVERSION = YES;
				CLANG_WARN_INFINITE_RECURSION = YES;
				CLANG_WARN_INT_CONVERSION = YES;
				CLANG_WARN_NON_LITERAL_NULL_CONVERSION = YES;
				CLANG_WARN_OBJC_IMPLICIT_RETAIN_SELF = YES;
				CLANG_WARN_OBJC_LITERAL_CONVERSION = YES;
				CLANG_WARN_OBJC_ROOT_CLASS = YES_ERROR;
				CLANG_WARN_RANGE_LOOP_ANALYSIS = YES;
				CLANG_WARN_STRICT_PROTOTYPES = YES;
				CLANG_WARN_SUSPICIOUS_MOVE = YES;
				CLANG_WARN_UNGUARDED_AVAILABILITY = YES_AGGRESSIVE;
				CLANG_WARN_UNREACHABLE_CODE = YES;
				CLANG_WARN__DUPLICATE_METHOD_MATCH = YES;
				COPY_PHASE_STRIP = NO;
				DEBUG_INFORMATION_FORMAT = "dwarf-with-dsym";
				ENABLE_NS_ASSERTIONS = NO;
				ENABLE_STRICT_OBJC_MSGSEND = YES;
				GCC_C_LANGUAGE_STANDARD = gnu11;
				GCC_NO_COMMON_BLOCKS = YES;
				GCC_WARN_64_TO_32_BIT_CONVERSION = YES;
				GCC_WARN_ABOUT_RETURN_TYPE = YES_ERROR;
				GCC_WARN_UNDECLARED_SELECTOR = YES;
				GCC_WARN_UNINITIALIZED_AUTOS = YES_AGGRESSIVE;
				GCC_WARN_UNUSED_FUNCTION = YES;
				GCC_WARN_UNUSED_VARIABLE = YES;
				IPHONEOS_DEPLOYMENT_TARGET = 10.0;
				MTL_ENABLE_DEBUG_INFO = NO;
				MTL_FAST_MATH = YES;
				SDKROOT = iphoneos;
				SWIFT_COMPILATION_MODE = wholemodule;
				SWIFT_OPTIMIZATION_LEVEL = "-O";
				VALIDATE_PRODUCT = YES;
			};
			name = Release;
		};
		D6042AAA25BFEC3B001DB025 /* Debug */ = {
			isa = XCBuildConfiguration;
			baseConfigurationReference = 31E38660C4EA2CCECBB0327F /* Pods-ImaginatoIOS.debug.xcconfig */;
			buildSettings = {
				ASSETCATALOG_COMPILER_APPICON_NAME = AppIcon;
				CODE_SIGN_STYLE = Automatic;
				DEVELOPMENT_TEAM = 9M46AU3YMQ;
				INFOPLIST_FILE = ImaginatoIOS/Info.plist;
				LD_RUNPATH_SEARCH_PATHS = (
					"$(inherited)",
					"@executable_path/Frameworks",
				);
				PRODUCT_BUNDLE_IDENTIFIER = none.ImaginatoIOS;
				PRODUCT_NAME = "$(TARGET_NAME)";
				SWIFT_VERSION = 5.0;
				TARGETED_DEVICE_FAMILY = "1,2";
			};
			name = Debug;
		};
		D6042AAB25BFEC3B001DB025 /* Release */ = {
			isa = XCBuildConfiguration;
			baseConfigurationReference = 848C9115231C24E290381E9E /* Pods-ImaginatoIOS.release.xcconfig */;
			buildSettings = {
				ASSETCATALOG_COMPILER_APPICON_NAME = AppIcon;
				CODE_SIGN_STYLE = Automatic;
				DEVELOPMENT_TEAM = 9M46AU3YMQ;
				INFOPLIST_FILE = ImaginatoIOS/Info.plist;
				LD_RUNPATH_SEARCH_PATHS = (
					"$(inherited)",
					"@executable_path/Frameworks",
				);
				PRODUCT_BUNDLE_IDENTIFIER = none.ImaginatoIOS;
				PRODUCT_NAME = "$(TARGET_NAME)";
				SWIFT_VERSION = 5.0;
				TARGETED_DEVICE_FAMILY = "1,2";
			};
			name = Release;
		};
/* End XCBuildConfiguration section */

/* Begin XCConfigurationList section */
		D6042A9025BFEC3A001DB025 /* Build configuration list for PBXProject "ImaginatoIOS" */ = {
			isa = XCConfigurationList;
			buildConfigurations = (
				D6042AA725BFEC3B001DB025 /* Debug */,
				D6042AA825BFEC3B001DB025 /* Release */,
			);
			defaultConfigurationIsVisible = 0;
			defaultConfigurationName = Release;
		};
		D6042AA925BFEC3B001DB025 /* Build configuration list for PBXNativeTarget "ImaginatoIOS" */ = {
			isa = XCConfigurationList;
			buildConfigurations = (
				D6042AAA25BFEC3B001DB025 /* Debug */,
				D6042AAB25BFEC3B001DB025 /* Release */,
			);
			defaultConfigurationIsVisible = 0;
			defaultConfigurationName = Release;
		};
/* End XCConfigurationList section */
	};
	rootObject = D6042A8D25BFEC3A001DB025 /* Project object */;
}
